dependencies:
- name: mysql
  repository: https://charts.bitnami.com/bitnami
  version: 11.1.15
- name: redis
  repository: https://charts.bitnami.com/bitnami
  version: 20.0.2
- name: rabbitmq
  repository: https://charts.bitnami.com/bitnami
  version: 14.6.6
- name: minio
  repository: https://charts.bitnami.com/bitnami
  version: 14.7.0
- name: vault
  repository: https://helm.releases.hashicorp.com
  version: 0.28.1
- name: authup
  repository: file://../third-party/authup
  version: 0.1.0
- name: hub-client-ui
  repository: file://../hub-client-ui
  version: 0.1.0
- name: hub-server-core
  repository: file://../hub-server-core
  version: 0.1.0
- name: hub-server-messenger
  repository: file://../hub-server-messenger
  version: 0.1.0
- name: hub-server-storage
  repository: file://../hub-server-storage
  version: 0.1.0
digest: sha256:c9a933fc72bf11d4dee74ee1e331cf25c0e08f924be891255c7b3d10cc80b82a
generated: "2024-08-15T17:51:04.3555556+02:00"
