dependencies:
- name: mysql
  repository: https://charts.bitnami.com/bitnami
  version: 11.1.15
- name: redis
  repository: https://charts.bitnami.com/bitnami
  version: 20.0.2
- name: authup-server-core
  repository: file://../authup-server-core
  version: 0.1.0
- name: hub-client-ui
  repository: file://../hub-client-ui
  version: 0.1.0
- name: hub-server-core
  repository: file://../hub-server-core
  version: 0.1.0
digest: sha256:912078b73d91df0fd9c17c6611c94389400a8ac03229c33db59ea07d1ee8cb28
generated: "2024-08-15T11:34:48.4455155+02:00"
